<?xml version="1.0" encoding="UTF-8" standalone="yes" ?>
<CodeBlocks_project_file>
	<FileVersion major="1" minor="6" />
	<Project>
		<Option title="fsmini" />
		<Option pch_mode="2" />
		<Option compiler="gcc" />
		<Build>
			<Target title="Debug">
				<Option output="bin/Debug/fsmini" prefix_auto="1" extension_auto="1" />
				<Option object_output="obj/Debug/" />
				<Option type="1" />
				<Option compiler="gcc" />
				<Compiler>
					<Add option="-g" />
				</Compiler>
			</Target>
			<Target title="Release">
				<Option output="bin/Release/fsmini" prefix_auto="1" extension_auto="1" />
				<Option object_output="obj/Release/" />
				<Option type="1" />
				<Option compiler="gcc" />
				<Compiler>
					<Add option="-O2" />
				</Compiler>
				<Linker>
					<Add option="-s" />
				</Linker>
			</Target>
		</Build>
		<Compiler>
			<Add option="-Wall" />
			<Add option="-fexceptions" />
		</Compiler>
		<Unit filename="admin.cpp" />
		<Unit filename="chat.txt" />
		<Unit filename="codes.cpp" />
		<Unit filename="data.txt" />
		<Unit filename="database.txt" />
		<Unit filename="developer.cpp" />
		<Unit filename="dirent.h" />
		<Unit filename="logs.txt" />
		<Unit filename="main.cpp" />
		<Unit filename="meeting.cpp" />
		<Unit filename="meetings" />
		<Unit filename="meetings.cpp" />
		<Unit filename="project.h" />
		<Unit filename="sample.txt" />
		<Unit filename="tasks.txt" />
		<Extensions>
			<lib_finder disable_auto="1" />
		</Extensions>
	</Project>
</CodeBlocks_project_file>
